// !$*UTF8*$!
{
	archiveVersion = 1;
	classes = {
	};
	objectVersion = 53;
	objects = {

/* Begin PBXBuildFile section */
		348680B341C5F01E9654C71E /* Pods_PokemonAPI_Case.framework in Frameworks */ = {isa = PBXBuildFile; fileRef = 54E071CC20EC7F97820D2821 /* Pods_PokemonAPI_Case.framework */; };
		63C8DF8129C9A8490082114F /* AppDelegate.swift in Sources */ = {isa = PBXBuildFile; fileRef = 63C8DF8029C9A8490082114F /* AppDelegate.swift */; };
		63C8DF8A29C9A84C0082114F /* Assets.xcassets in Resources */ = {isa = PBXBuildFile; fileRef = 63C8DF8929C9A84C0082114F /* Assets.xcassets */; };
		63C8DF8D29C9A84C0082114F /* LaunchScreen.storyboard in Resources */ = {isa = PBXBuildFile; fileRef = 63C8DF8B29C9A84C0082114F /* LaunchScreen.storyboard */; };
		63C8E02729C9C1960082114F /* DataProvider.framework in Frameworks */ = {isa = PBXBuildFile; fileRef = 63C8E02629C9C1960082114F /* DataProvider.framework */; };
		63C8E02B29C9C1B10082114F /* UIComponents.framework in Frameworks */ = {isa = PBXBuildFile; fileRef = 63C8E02A29C9C1B10082114F /* UIComponents.framework */; };
		63C8E02F29C9C1CD0082114F /* Utilities.framework in Frameworks */ = {isa = PBXBuildFile; fileRef = 63C8E02E29C9C1CD0082114F /* Utilities.framework */; };
		63C8E07229C9C9F80082114F /* BaseViewModel.swift in Sources */ = {isa = PBXBuildFile; fileRef = 63C8E07129C9C9F80082114F /* BaseViewModel.swift */; };
		63C8E07429C9CA230082114F /* ModalNavigationController.swift in Sources */ = {isa = PBXBuildFile; fileRef = 63C8E07329C9CA230082114F /* ModalNavigationController.swift */; };
		63C8E07629C9CA390082114F /* CleanNavigationController.swift in Sources */ = {isa = PBXBuildFile; fileRef = 63C8E07529C9CA390082114F /* CleanNavigationController.swift */; };
		63C8E07829C9CA510082114F /* BaseNavigationController.swift in Sources */ = {isa = PBXBuildFile; fileRef = 63C8E07729C9CA510082114F /* BaseNavigationController.swift */; };
		63C8E07A29C9CA7E0082114F /* BaseViewController.swift in Sources */ = {isa = PBXBuildFile; fileRef = 63C8E07929C9CA7E0082114F /* BaseViewController.swift */; };
		63C8E07F29C9CB790082114F /* DataProvider.swift in Sources */ = {isa = PBXBuildFile; fileRef = 63C8E07E29C9CB790082114F /* DataProvider.swift */; };
		63C8E08129C9CB930082114F /* APIRequestInterceptor.swift in Sources */ = {isa = PBXBuildFile; fileRef = 63C8E08029C9CB930082114F /* APIRequestInterceptor.swift */; };
		63C8E08329C9CBB20082114F /* APILogger.swift in Sources */ = {isa = PBXBuildFile; fileRef = 63C8E08229C9CBB20082114F /* APILogger.swift */; };
		63C8E08729C9CC1B0082114F /* PopToBack.swift in Sources */ = {isa = PBXBuildFile; fileRef = 63C8E08629C9CC1B0082114F /* PopToBack.swift */; };
		63C8E08929C9CC310082114F /* AppRouter.swift in Sources */ = {isa = PBXBuildFile; fileRef = 63C8E08829C9CC310082114F /* AppRouter.swift */; };
		63C8E08B29C9CC440082114F /* PopToViewController.swift in Sources */ = {isa = PBXBuildFile; fileRef = 63C8E08A29C9CC440082114F /* PopToViewController.swift */; };
		63C8E08D29C9CC610082114F /* DismissableRoute.swift in Sources */ = {isa = PBXBuildFile; fileRef = 63C8E08C29C9CC610082114F /* DismissableRoute.swift */; };
		63C8E08F29C9CC740082114F /* PopToRoute.swift in Sources */ = {isa = PBXBuildFile; fileRef = 63C8E08E29C9CC740082114F /* PopToRoute.swift */; };
		63C8E09229C9CCA90082114F /* ModalTransition.swift in Sources */ = {isa = PBXBuildFile; fileRef = 63C8E09129C9CCA90082114F /* ModalTransition.swift */; };
		63C8E09429C9CCD90082114F /* SetRootViewControllerTransition.swift in Sources */ = {isa = PBXBuildFile; fileRef = 63C8E09329C9CCD90082114F /* SetRootViewControllerTransition.swift */; };
		63C8E09629C9CCF40082114F /* PlaceOnWindow.swift in Sources */ = {isa = PBXBuildFile; fileRef = 63C8E09529C9CCF40082114F /* PlaceOnWindow.swift */; };
		63C8E09829C9CD0E0082114F /* Transition.swift in Sources */ = {isa = PBXBuildFile; fileRef = 63C8E09729C9CD0E0082114F /* Transition.swift */; };
		63C8E09A29C9CD280082114F /* PushTransition.swift in Sources */ = {isa = PBXBuildFile; fileRef = 63C8E09929C9CD280082114F /* PushTransition.swift */; };
		63C8E09D29C9CD680082114F /* Animator.swift in Sources */ = {isa = PBXBuildFile; fileRef = 63C8E09C29C9CD680082114F /* Animator.swift */; };
		63C8E09F29C9CD860082114F /* Router.swift in Sources */ = {isa = PBXBuildFile; fileRef = 63C8E09E29C9CD860082114F /* Router.swift */; };
		63C8E0A529C9CE150082114F /* SplashRouter.swift in Sources */ = {isa = PBXBuildFile; fileRef = 63C8E0A229C9CE150082114F /* SplashRouter.swift */; };
		63C8E0A629C9CE150082114F /* SplashViewController.swift in Sources */ = {isa = PBXBuildFile; fileRef = 63C8E0A329C9CE150082114F /* SplashViewController.swift */; };
		63C8E0A729C9CE150082114F /* SplashViewModel.swift in Sources */ = {isa = PBXBuildFile; fileRef = 63C8E0A429C9CE150082114F /* SplashViewModel.swift */; };
		63C8E0A929C9CE260082114F /* SplashRoute.swift in Sources */ = {isa = PBXBuildFile; fileRef = 63C8E0A829C9CE260082114F /* SplashRoute.swift */; };
		63C8E0AE29C9EDD70082114F /* HomeRouter.swift in Sources */ = {isa = PBXBuildFile; fileRef = 63C8E0AB29C9EDD70082114F /* HomeRouter.swift */; };
		63C8E0AF29C9EDD70082114F /* HomeViewController.swift in Sources */ = {isa = PBXBuildFile; fileRef = 63C8E0AC29C9EDD70082114F /* HomeViewController.swift */; };
		63C8E0B029C9EDD70082114F /* HomeViewModel.swift in Sources */ = {isa = PBXBuildFile; fileRef = 63C8E0AD29C9EDD70082114F /* HomeViewModel.swift */; };
		63C8E0B229C9EDE60082114F /* HomeRoute.swift in Sources */ = {isa = PBXBuildFile; fileRef = 63C8E0B129C9EDE60082114F /* HomeRoute.swift */; };
		63C8E0C429CA0CDA0082114F /* pac-loading.json in Resources */ = {isa = PBXBuildFile; fileRef = 63C8E0C329CA0CDA0082114F /* pac-loading.json */; };
		63C8E0D829CA43330082114F /* PokemonDetailsRouter.swift in Sources */ = {isa = PBXBuildFile; fileRef = 63C8E0D529CA43330082114F /* PokemonDetailsRouter.swift */; };
		63C8E0D929CA43330082114F /* PokemonDetailsViewController.swift in Sources */ = {isa = PBXBuildFile; fileRef = 63C8E0D629CA43330082114F /* PokemonDetailsViewController.swift */; };
		63C8E0DA29CA43330082114F /* PokemonDetailsViewModel.swift in Sources */ = {isa = PBXBuildFile; fileRef = 63C8E0D729CA43330082114F /* PokemonDetailsViewModel.swift */; };
		63C8E0DC29CA43460082114F /* PokemonDetailsRoute.swift in Sources */ = {isa = PBXBuildFile; fileRef = 63C8E0DB29CA43460082114F /* PokemonDetailsRoute.swift */; };
		63C8E0E129CA45D00082114F /* empty.json in Resources */ = {isa = PBXBuildFile; fileRef = 63C8E0E029CA45D00082114F /* empty.json */; };
/* End PBXBuildFile section */

/* Begin PBXFileReference section */
		54E071CC20EC7F97820D2821 /* Pods_PokemonAPI_Case.framework */ = {isa = PBXFileReference; explicitFileType = wrapper.framework; includeInIndex = 0; path = Pods_PokemonAPI_Case.framework; sourceTree = BUILT_PRODUCTS_DIR; };
		63C8DF7D29C9A8490082114F /* PokemonAPI-Case.app */ = {isa = PBXFileReference; explicitFileType = wrapper.application; includeInIndex = 0; path = "PokemonAPI-Case.app"; sourceTree = BUILT_PRODUCTS_DIR; };
		63C8DF8029C9A8490082114F /* AppDelegate.swift */ = {isa = PBXFileReference; lastKnownFileType = sourcecode.swift; path = AppDelegate.swift; sourceTree = "<group>"; };
		63C8DF8929C9A84C0082114F /* Assets.xcassets */ = {isa = PBXFileReference; lastKnownFileType = folder.assetcatalog; path = Assets.xcassets; sourceTree = "<group>"; };
		63C8DF8C29C9A84C0082114F /* Base */ = {isa = PBXFileReference; lastKnownFileType = file.storyboard; name = Base; path = Base.lproj/LaunchScreen.storyboard; sourceTree = "<group>"; };
		63C8DF8E29C9A84C0082114F /* Info.plist */ = {isa = PBXFileReference; lastKnownFileType = text.plist.xml; path = Info.plist; sourceTree = "<group>"; };
		63C8E02629C9C1960082114F /* DataProvider.framework */ = {isa = PBXFileReference; explicitFileType = wrapper.framework; path = DataProvider.framework; sourceTree = BUILT_PRODUCTS_DIR; };
		63C8E02A29C9C1B10082114F /* UIComponents.framework */ = {isa = PBXFileReference; explicitFileType = wrapper.framework; path = UIComponents.framework; sourceTree = BUILT_PRODUCTS_DIR; };
		63C8E02E29C9C1CD0082114F /* Utilities.framework */ = {isa = PBXFileReference; explicitFileType = wrapper.framework; path = Utilities.framework; sourceTree = BUILT_PRODUCTS_DIR; };
		63C8E07129C9C9F80082114F /* BaseViewModel.swift */ = {isa = PBXFileReference; lastKnownFileType = sourcecode.swift; path = BaseViewModel.swift; sourceTree = "<group>"; };
		63C8E07329C9CA230082114F /* ModalNavigationController.swift */ = {isa = PBXFileReference; lastKnownFileType = sourcecode.swift; path = ModalNavigationController.swift; sourceTree = "<group>"; };
		63C8E07529C9CA390082114F /* CleanNavigationController.swift */ = {isa = PBXFileReference; lastKnownFileType = sourcecode.swift; path = CleanNavigationController.swift; sourceTree = "<group>"; };
		63C8E07729C9CA510082114F /* BaseNavigationController.swift */ = {isa = PBXFileReference; lastKnownFileType = sourcecode.swift; path = BaseNavigationController.swift; sourceTree = "<group>"; };
		63C8E07929C9CA7E0082114F /* BaseViewController.swift */ = {isa = PBXFileReference; lastKnownFileType = sourcecode.swift; path = BaseViewController.swift; sourceTree = "<group>"; };
		63C8E07B29C9CAD10082114F /* PokemonAPI-Bridging-Header.h */ = {isa = PBXFileReference; lastKnownFileType = sourcecode.c.h; path = "PokemonAPI-Bridging-Header.h"; sourceTree = "<group>"; };
		63C8E07E29C9CB790082114F /* DataProvider.swift */ = {isa = PBXFileReference; lastKnownFileType = sourcecode.swift; path = DataProvider.swift; sourceTree = "<group>"; };
		63C8E08029C9CB930082114F /* APIRequestInterceptor.swift */ = {isa = PBXFileReference; lastKnownFileType = sourcecode.swift; path = APIRequestInterceptor.swift; sourceTree = "<group>"; };
		63C8E08229C9CBB20082114F /* APILogger.swift */ = {isa = PBXFileReference; lastKnownFileType = sourcecode.swift; path = APILogger.swift; sourceTree = "<group>"; };
		63C8E08629C9CC1B0082114F /* PopToBack.swift */ = {isa = PBXFileReference; lastKnownFileType = sourcecode.swift; path = PopToBack.swift; sourceTree = "<group>"; };
		63C8E08829C9CC310082114F /* AppRouter.swift */ = {isa = PBXFileReference; lastKnownFileType = sourcecode.swift; path = AppRouter.swift; sourceTree = "<group>"; };
		63C8E08A29C9CC440082114F /* PopToViewController.swift */ = {isa = PBXFileReference; lastKnownFileType = sourcecode.swift; path = PopToViewController.swift; sourceTree = "<group>"; };
		63C8E08C29C9CC610082114F /* DismissableRoute.swift */ = {isa = PBXFileReference; lastKnownFileType = sourcecode.swift; path = DismissableRoute.swift; sourceTree = "<group>"; };
		63C8E08E29C9CC740082114F /* PopToRoute.swift */ = {isa = PBXFileReference; lastKnownFileType = sourcecode.swift; path = PopToRoute.swift; sourceTree = "<group>"; };
		63C8E09129C9CCA90082114F /* ModalTransition.swift */ = {isa = PBXFileReference; lastKnownFileType = sourcecode.swift; path = ModalTransition.swift; sourceTree = "<group>"; };
		63C8E09329C9CCD90082114F /* SetRootViewControllerTransition.swift */ = {isa = PBXFileReference; lastKnownFileType = sourcecode.swift; path = SetRootViewControllerTransition.swift; sourceTree = "<group>"; };
		63C8E09529C9CCF40082114F /* PlaceOnWindow.swift */ = {isa = PBXFileReference; lastKnownFileType = sourcecode.swift; path = PlaceOnWindow.swift; sourceTree = "<group>"; };
		63C8E09729C9CD0E0082114F /* Transition.swift */ = {isa = PBXFileReference; lastKnownFileType = sourcecode.swift; path = Transition.swift; sourceTree = "<group>"; };
		63C8E09929C9CD280082114F /* PushTransition.swift */ = {isa = PBXFileReference; lastKnownFileType = sourcecode.swift; path = PushTransition.swift; sourceTree = "<group>"; };
		63C8E09C29C9CD680082114F /* Animator.swift */ = {isa = PBXFileReference; lastKnownFileType = sourcecode.swift; path = Animator.swift; sourceTree = "<group>"; };
		63C8E09E29C9CD860082114F /* Router.swift */ = {isa = PBXFileReference; lastKnownFileType = sourcecode.swift; path = Router.swift; sourceTree = "<group>"; };
		63C8E0A229C9CE150082114F /* SplashRouter.swift */ = {isa = PBXFileReference; lastKnownFileType = sourcecode.swift; path = SplashRouter.swift; sourceTree = "<group>"; };
		63C8E0A329C9CE150082114F /* SplashViewController.swift */ = {isa = PBXFileReference; lastKnownFileType = sourcecode.swift; path = SplashViewController.swift; sourceTree = "<group>"; };
		63C8E0A429C9CE150082114F /* SplashViewModel.swift */ = {isa = PBXFileReference; lastKnownFileType = sourcecode.swift; path = SplashViewModel.swift; sourceTree = "<group>"; };
		63C8E0A829C9CE260082114F /* SplashRoute.swift */ = {isa = PBXFileReference; lastKnownFileType = sourcecode.swift; path = SplashRoute.swift; sourceTree = "<group>"; };
		63C8E0AB29C9EDD70082114F /* HomeRouter.swift */ = {isa = PBXFileReference; lastKnownFileType = sourcecode.swift; path = HomeRouter.swift; sourceTree = "<group>"; };
		63C8E0AC29C9EDD70082114F /* HomeViewController.swift */ = {isa = PBXFileReference; lastKnownFileType = sourcecode.swift; path = HomeViewController.swift; sourceTree = "<group>"; };
		63C8E0AD29C9EDD70082114F /* HomeViewModel.swift */ = {isa = PBXFileReference; lastKnownFileType = sourcecode.swift; path = HomeViewModel.swift; sourceTree = "<group>"; };
		63C8E0B129C9EDE60082114F /* HomeRoute.swift */ = {isa = PBXFileReference; lastKnownFileType = sourcecode.swift; path = HomeRoute.swift; sourceTree = "<group>"; };
		63C8E0C329CA0CDA0082114F /* pac-loading.json */ = {isa = PBXFileReference; fileEncoding = 4; lastKnownFileType = text.json; path = "pac-loading.json"; sourceTree = "<group>"; };
		63C8E0D529CA43330082114F /* PokemonDetailsRouter.swift */ = {isa = PBXFileReference; lastKnownFileType = sourcecode.swift; path = PokemonDetailsRouter.swift; sourceTree = "<group>"; };
		63C8E0D629CA43330082114F /* PokemonDetailsViewController.swift */ = {isa = PBXFileReference; lastKnownFileType = sourcecode.swift; path = PokemonDetailsViewController.swift; sourceTree = "<group>"; };
		63C8E0D729CA43330082114F /* PokemonDetailsViewModel.swift */ = {isa = PBXFileReference; lastKnownFileType = sourcecode.swift; path = PokemonDetailsViewModel.swift; sourceTree = "<group>"; };
		63C8E0DB29CA43460082114F /* PokemonDetailsRoute.swift */ = {isa = PBXFileReference; lastKnownFileType = sourcecode.swift; path = PokemonDetailsRoute.swift; sourceTree = "<group>"; };
		63C8E0E029CA45D00082114F /* empty.json */ = {isa = PBXFileReference; fileEncoding = 4; lastKnownFileType = text.json; path = empty.json; sourceTree = "<group>"; };
		7F7D777F9159E2E2F95359F0 /* Pods-PokemonAPI-Case.debug.xcconfig */ = {isa = PBXFileReference; includeInIndex = 1; lastKnownFileType = text.xcconfig; name = "Pods-PokemonAPI-Case.debug.xcconfig"; path = "Target Support Files/Pods-PokemonAPI-Case/Pods-PokemonAPI-Case.debug.xcconfig"; sourceTree = "<group>"; };
		E14E7DB5AF1666B69EE7F170 /* Pods-PokemonAPI-Case.release.xcconfig */ = {isa = PBXFileReference; includeInIndex = 1; lastKnownFileType = text.xcconfig; name = "Pods-PokemonAPI-Case.release.xcconfig"; path = "Target Support Files/Pods-PokemonAPI-Case/Pods-PokemonAPI-Case.release.xcconfig"; sourceTree = "<group>"; };
/* End PBXFileReference section */

/* Begin PBXFrameworksBuildPhase section */
		63C8DF7A29C9A8490082114F /* Frameworks */ = {
			isa = PBXFrameworksBuildPhase;
			buildActionMask = 2147483647;
			files = (
				348680B341C5F01E9654C71E /* Pods_PokemonAPI_Case.framework in Frameworks */,
				63C8E02B29C9C1B10082114F /* UIComponents.framework in Frameworks */,
				63C8E02729C9C1960082114F /* DataProvider.framework in Frameworks */,
				63C8E02F29C9C1CD0082114F /* Utilities.framework in Frameworks */,
			);
			runOnlyForDeploymentPostprocessing = 0;
		};
/* End PBXFrameworksBuildPhase section */

/* Begin PBXGroup section */
		5E19D7E7D7BAB66D5D3EB9B5 /* Pods */ = {
			isa = PBXGroup;
			children = (
				7F7D777F9159E2E2F95359F0 /* Pods-PokemonAPI-Case.debug.xcconfig */,
				E14E7DB5AF1666B69EE7F170 /* Pods-PokemonAPI-Case.release.xcconfig */,
			);
			path = Pods;
			sourceTree = "<group>";
		};
		63C8DF7429C9A8490082114F = {
			isa = PBXGroup;
			children = (
				63C8DF7F29C9A8490082114F /* PokemonAPI-Case */,
				63C8DF7E29C9A8490082114F /* Products */,
				5E19D7E7D7BAB66D5D3EB9B5 /* Pods */,
				8C649C06B609DDE08E611FA6 /* Frameworks */,
			);
			sourceTree = "<group>";
		};
		63C8DF7E29C9A8490082114F /* Products */ = {
			isa = PBXGroup;
			children = (
				63C8DF7D29C9A8490082114F /* PokemonAPI-Case.app */,
			);
			name = Products;
			sourceTree = "<group>";
		};
		63C8DF7F29C9A8490082114F /* PokemonAPI-Case */ = {
			isa = PBXGroup;
			children = (
				63C8E0A029C9CDBB0082114F /* Resources */,
				63C8E08429C9CBFF0082114F /* Routing */,
				63C8E07D29C9CB570082114F /* DataProvider */,
				63C8E07C29C9CB040082114F /* AppDelegate */,
				63C8E06C29C9C9990082114F /* Screens */,
				63C8E03229C9C28B0082114F /* Configure */,
			);
			path = "PokemonAPI-Case";
			sourceTree = "<group>";
		};
		63C8E03229C9C28B0082114F /* Configure */ = {
			isa = PBXGroup;
			children = (
				63C8DF8E29C9A84C0082114F /* Info.plist */,
				63C8E07B29C9CAD10082114F /* PokemonAPI-Bridging-Header.h */,
			);
			path = Configure;
			sourceTree = "<group>";
		};
		63C8E06C29C9C9990082114F /* Screens */ = {
			isa = PBXGroup;
			children = (
				63C8E0D429CA43170082114F /* PokemonDetails */,
				63C8E0AA29C9EDC60082114F /* Home */,
				63C8E0A129C9CDF40082114F /* Splash */,
				63C8E06D29C9C9A60082114F /* Base */,
			);
			path = Screens;
			sourceTree = "<group>";
		};
		63C8E06D29C9C9A60082114F /* Base */ = {
			isa = PBXGroup;
			children = (
				63C8E07029C9C9D50082114F /* ViewController */,
				63C8E06F29C9C9C90082114F /* NavigationController */,
				63C8E06E29C9C9C20082114F /* ViewModel */,
			);
			path = Base;
			sourceTree = "<group>";
		};
		63C8E06E29C9C9C20082114F /* ViewModel */ = {
			isa = PBXGroup;
			children = (
				63C8E07129C9C9F80082114F /* BaseViewModel.swift */,
			);
			path = ViewModel;
			sourceTree = "<group>";
		};
		63C8E06F29C9C9C90082114F /* NavigationController */ = {
			isa = PBXGroup;
			children = (
				63C8E07329C9CA230082114F /* ModalNavigationController.swift */,
				63C8E07529C9CA390082114F /* CleanNavigationController.swift */,
				63C8E07729C9CA510082114F /* BaseNavigationController.swift */,
			);
			path = NavigationController;
			sourceTree = "<group>";
		};
		63C8E07029C9C9D50082114F /* ViewController */ = {
			isa = PBXGroup;
			children = (
				63C8E07929C9CA7E0082114F /* BaseViewController.swift */,
			);
			path = ViewController;
			sourceTree = "<group>";
		};
		63C8E07C29C9CB040082114F /* AppDelegate */ = {
			isa = PBXGroup;
			children = (
				63C8DF8029C9A8490082114F /* AppDelegate.swift */,
			);
			path = AppDelegate;
			sourceTree = "<group>";
		};
		63C8E07D29C9CB570082114F /* DataProvider */ = {
			isa = PBXGroup;
			children = (
				63C8E07E29C9CB790082114F /* DataProvider.swift */,
				63C8E08029C9CB930082114F /* APIRequestInterceptor.swift */,
				63C8E08229C9CBB20082114F /* APILogger.swift */,
			);
			path = DataProvider;
			sourceTree = "<group>";
		};
		63C8E08429C9CBFF0082114F /* Routing */ = {
			isa = PBXGroup;
			children = (
				63C8E09B29C9CD4A0082114F /* Core */,
				63C8E09029C9CC8F0082114F /* Transitions */,
				63C8E08529C9CC090082114F /* Router */,
			);
			path = Routing;
			sourceTree = "<group>";
		};
		63C8E08529C9CC090082114F /* Router */ = {
			isa = PBXGroup;
			children = (
				63C8E08629C9CC1B0082114F /* PopToBack.swift */,
				63C8E08829C9CC310082114F /* AppRouter.swift */,
				63C8E08A29C9CC440082114F /* PopToViewController.swift */,
				63C8E08C29C9CC610082114F /* DismissableRoute.swift */,
				63C8E08E29C9CC740082114F /* PopToRoute.swift */,
			);
			path = Router;
			sourceTree = "<group>";
		};
		63C8E09029C9CC8F0082114F /* Transitions */ = {
			isa = PBXGroup;
			children = (
				63C8E09129C9CCA90082114F /* ModalTransition.swift */,
				63C8E09329C9CCD90082114F /* SetRootViewControllerTransition.swift */,
				63C8E09529C9CCF40082114F /* PlaceOnWindow.swift */,
				63C8E09729C9CD0E0082114F /* Transition.swift */,
				63C8E09929C9CD280082114F /* PushTransition.swift */,
			);
			path = Transitions;
			sourceTree = "<group>";
		};
		63C8E09B29C9CD4A0082114F /* Core */ = {
			isa = PBXGroup;
			children = (
				63C8E09C29C9CD680082114F /* Animator.swift */,
				63C8E09E29C9CD860082114F /* Router.swift */,
			);
			path = Core;
			sourceTree = "<group>";
		};
		63C8E0A029C9CDBB0082114F /* Resources */ = {
			isa = PBXGroup;
			children = (
				63C8E0C229CA0CCD0082114F /* Lotties */,
				63C8DF8B29C9A84C0082114F /* LaunchScreen.storyboard */,
				63C8DF8929C9A84C0082114F /* Assets.xcassets */,
			);
			path = Resources;
			sourceTree = "<group>";
		};
		63C8E0A129C9CDF40082114F /* Splash */ = {
			isa = PBXGroup;
			children = (
				63C8E0A229C9CE150082114F /* SplashRouter.swift */,
				63C8E0A329C9CE150082114F /* SplashViewController.swift */,
				63C8E0A429C9CE150082114F /* SplashViewModel.swift */,
				63C8E0A829C9CE260082114F /* SplashRoute.swift */,
			);
			path = Splash;
			sourceTree = "<group>";
		};
		63C8E0AA29C9EDC60082114F /* Home */ = {
			isa = PBXGroup;
			children = (
				63C8E0AB29C9EDD70082114F /* HomeRouter.swift */,
				63C8E0AC29C9EDD70082114F /* HomeViewController.swift */,
				63C8E0AD29C9EDD70082114F /* HomeViewModel.swift */,
				63C8E0B129C9EDE60082114F /* HomeRoute.swift */,
			);
			path = Home;
			sourceTree = "<group>";
		};
		63C8E0C229CA0CCD0082114F /* Lotties */ = {
			isa = PBXGroup;
			children = (
				63C8E0E029CA45D00082114F /* empty.json */,
				63C8E0C329CA0CDA0082114F /* pac-loading.json */,
			);
			path = Lotties;
			sourceTree = "<group>";
		};
		63C8E0D429CA43170082114F /* PokemonDetails */ = {
			isa = PBXGroup;
			children = (
				63C8E0D529CA43330082114F /* PokemonDetailsRouter.swift */,
				63C8E0D629CA43330082114F /* PokemonDetailsViewController.swift */,
				63C8E0D729CA43330082114F /* PokemonDetailsViewModel.swift */,
				63C8E0DB29CA43460082114F /* PokemonDetailsRoute.swift */,
			);
			path = PokemonDetails;
			sourceTree = "<group>";
		};
		8C649C06B609DDE08E611FA6 /* Frameworks */ = {
			isa = PBXGroup;
			children = (
				63C8E02E29C9C1CD0082114F /* Utilities.framework */,
				63C8E02A29C9C1B10082114F /* UIComponents.framework */,
				63C8E02629C9C1960082114F /* DataProvider.framework */,
				54E071CC20EC7F97820D2821 /* Pods_PokemonAPI_Case.framework */,
			);
			name = Frameworks;
			sourceTree = "<group>";
		};
/* End PBXGroup section */

/* Begin PBXNativeTarget section */
		63C8DF7C29C9A8490082114F /* PokemonAPI-Case */ = {
			isa = PBXNativeTarget;
			buildConfigurationList = 63C8DF9129C9A84C0082114F /* Build configuration list for PBXNativeTarget "PokemonAPI-Case" */;
			buildPhases = (
				16013FE3DA0E90851024495D /* [CP] Check Pods Manifest.lock */,
				63C8DF7929C9A8490082114F /* Sources */,
				63C8DF7A29C9A8490082114F /* Frameworks */,
				63C8DF7B29C9A8490082114F /* Resources */,
				B5E72DA35451E28DE5CD3E01 /* [CP] Embed Pods Frameworks */,
			);
			buildRules = (
			);
			dependencies = (
			);
			name = "PokemonAPI-Case";
			productName = "PokemonAPI-Case";
			productReference = 63C8DF7D29C9A8490082114F /* PokemonAPI-Case.app */;
			productType = "com.apple.product-type.application";
		};
/* End PBXNativeTarget section */

/* Begin PBXProject section */
		63C8DF7529C9A8490082114F /* Project object */ = {
			isa = PBXProject;
			attributes = {
				BuildIndependentTargetsInParallel = 1;
				LastSwiftUpdateCheck = 1420;
				LastUpgradeCheck = 1420;
				TargetAttributes = {
					63C8DF7C29C9A8490082114F = {
						CreatedOnToolsVersion = 14.2;
					};
				};
			};
			buildConfigurationList = 63C8DF7829C9A8490082114F /* Build configuration list for PBXProject "PokemonAPI-Case" */;
			compatibilityVersion = "Xcode 9.3";
			developmentRegion = en;
			hasScannedForEncodings = 0;
			knownRegions = (
				en,
				Base,
			);
			mainGroup = 63C8DF7429C9A8490082114F;
			productRefGroup = 63C8DF7E29C9A8490082114F /* Products */;
			projectDirPath = "";
			projectRoot = "";
			targets = (
				63C8DF7C29C9A8490082114F /* PokemonAPI-Case */,
			);
		};
/* End PBXProject section */

/* Begin PBXResourcesBuildPhase section */
		63C8DF7B29C9A8490082114F /* Resources */ = {
			isa = PBXResourcesBuildPhase;
			buildActionMask = 2147483647;
			files = (
				63C8DF8D29C9A84C0082114F /* LaunchScreen.storyboard in Resources */,
				63C8E0C429CA0CDA0082114F /* pac-loading.json in Resources */,
				63C8E0E129CA45D00082114F /* empty.json in Resources */,
				63C8DF8A29C9A84C0082114F /* Assets.xcassets in Resources */,
			);
			runOnlyForDeploymentPostprocessing = 0;
		};
/* End PBXResourcesBuildPhase section */

/* Begin PBXShellScriptBuildPhase section */
		16013FE3DA0E90851024495D /* [CP] Check Pods Manifest.lock */ = {
			isa = PBXShellScriptBuildPhase;
			buildActionMask = 2147483647;
			files = (
			);
			inputFileListPaths = (
			);
			inputPaths = (
				"${PODS_PODFILE_DIR_PATH}/Podfile.lock",
				"${PODS_ROOT}/Manifest.lock",
			);
			name = "[CP] Check Pods Manifest.lock";
			outputFileListPaths = (
			);
			outputPaths = (
				"$(DERIVED_FILE_DIR)/Pods-PokemonAPI-Case-checkManifestLockResult.txt",
			);
			runOnlyForDeploymentPostprocessing = 0;
			shellPath = /bin/sh;
			shellScript = "diff \"${PODS_PODFILE_DIR_PATH}/Podfile.lock\" \"${PODS_ROOT}/Manifest.lock\" > /dev/null\nif [ $? != 0 ] ; then\n    # print error to STDERR\n    echo \"error: The sandbox is not in sync with the Podfile.lock. Run 'pod install' or update your CocoaPods installation.\" >&2\n    exit 1\nfi\n# This output is used by Xcode 'outputs' to avoid re-running this script phase.\necho \"SUCCESS\" > \"${SCRIPT_OUTPUT_FILE_0}\"\n";
			showEnvVarsInLog = 0;
		};
		B5E72DA35451E28DE5CD3E01 /* [CP] Embed Pods Frameworks */ = {
			isa = PBXShellScriptBuildPhase;
			buildActionMask = 2147483647;
			files = (
			);
			inputFileListPaths = (
				"${PODS_ROOT}/Target Support Files/Pods-PokemonAPI-Case/Pods-PokemonAPI-Case-frameworks-${CONFIGURATION}-input-files.xcfilelist",
			);
			name = "[CP] Embed Pods Frameworks";
			outputFileListPaths = (
				"${PODS_ROOT}/Target Support Files/Pods-PokemonAPI-Case/Pods-PokemonAPI-Case-frameworks-${CONFIGURATION}-output-files.xcfilelist",
			);
			runOnlyForDeploymentPostprocessing = 0;
			shellPath = /bin/sh;
			shellScript = "\"${PODS_ROOT}/Target Support Files/Pods-PokemonAPI-Case/Pods-PokemonAPI-Case-frameworks.sh\"\n";
			showEnvVarsInLog = 0;
		};
/* End PBXShellScriptBuildPhase section */

/* Begin PBXSourcesBuildPhase section */
		63C8DF7929C9A8490082114F /* Sources */ = {
			isa = PBXSourcesBuildPhase;
			buildActionMask = 2147483647;
			files = (
				63C8E09F29C9CD860082114F /* Router.swift in Sources */,
				63C8E09629C9CCF40082114F /* PlaceOnWindow.swift in Sources */,
				63C8E08329C9CBB20082114F /* APILogger.swift in Sources */,
				63C8E0DA29CA43330082114F /* PokemonDetailsViewModel.swift in Sources */,
				63C8E07829C9CA510082114F /* BaseNavigationController.swift in Sources */,
				63C8E08729C9CC1B0082114F /* PopToBack.swift in Sources */,
				63C8E0A629C9CE150082114F /* SplashViewController.swift in Sources */,
				63C8E08D29C9CC610082114F /* DismissableRoute.swift in Sources */,
				63C8E0DC29CA43460082114F /* PokemonDetailsRoute.swift in Sources */,
				63C8E07F29C9CB790082114F /* DataProvider.swift in Sources */,
				63C8E07429C9CA230082114F /* ModalNavigationController.swift in Sources */,
				63C8E07229C9C9F80082114F /* BaseViewModel.swift in Sources */,
				63C8E0A529C9CE150082114F /* SplashRouter.swift in Sources */,
				63C8E09229C9CCA90082114F /* ModalTransition.swift in Sources */,
				63C8E09A29C9CD280082114F /* PushTransition.swift in Sources */,
				63C8E08129C9CB930082114F /* APIRequestInterceptor.swift in Sources */,
				63C8E0AF29C9EDD70082114F /* HomeViewController.swift in Sources */,
				63C8E09D29C9CD680082114F /* Animator.swift in Sources */,
				63C8E0A729C9CE150082114F /* SplashViewModel.swift in Sources */,
				63C8E0D829CA43330082114F /* PokemonDetailsRouter.swift in Sources */,
				63C8E08B29C9CC440082114F /* PopToViewController.swift in Sources */,
				63C8E0A929C9CE260082114F /* SplashRoute.swift in Sources */,
				63C8E0D929CA43330082114F /* PokemonDetailsViewController.swift in Sources */,
				63C8E08F29C9CC740082114F /* PopToRoute.swift in Sources */,
				63C8E0AE29C9EDD70082114F /* HomeRouter.swift in Sources */,
				63C8E08929C9CC310082114F /* AppRouter.swift in Sources */,
				63C8E09829C9CD0E0082114F /* Transition.swift in Sources */,
				63C8E0B029C9EDD70082114F /* HomeViewModel.swift in Sources */,
				63C8E0B229C9EDE60082114F /* HomeRoute.swift in Sources */,
				63C8DF8129C9A8490082114F /* AppDelegate.swift in Sources */,
				63C8E09429C9CCD90082114F /* SetRootViewControllerTransition.swift in Sources */,
				63C8E07A29C9CA7E0082114F /* BaseViewController.swift in Sources */,
				63C8E07629C9CA390082114F /* CleanNavigationController.swift in Sources */,
			);
			runOnlyForDeploymentPostprocessing = 0;
		};
/* End PBXSourcesBuildPhase section */

/* Begin PBXVariantGroup section */
		63C8DF8B29C9A84C0082114F /* LaunchScreen.storyboard */ = {
			isa = PBXVariantGroup;
			children = (
				63C8DF8C29C9A84C0082114F /* Base */,
			);
			name = LaunchScreen.storyboard;
			sourceTree = "<group>";
		};
/* End PBXVariantGroup section */

/* Begin XCBuildConfiguration section */
		63C8DF8F29C9A84C0082114F /* Debug */ = {
			isa = XCBuildConfiguration;
			buildSettings = {
				ALWAYS_SEARCH_USER_PATHS = NO;
				CLANG_ANALYZER_NONNULL = YES;
				CLANG_ANALYZER_NUMBER_OBJECT_CONVERSION = YES_AGGRESSIVE;
				CLANG_CXX_LANGUAGE_STANDARD = "gnu++20";
				CLANG_ENABLE_MODULES = YES;
				CLANG_ENABLE_OBJC_ARC = YES;
				CLANG_ENABLE_OBJC_WEAK = YES;
				CLANG_WARN_BLOCK_CAPTURE_AUTORELEASING = YES;
				CLANG_WARN_BOOL_CONVERSION = YES;
				CLANG_WARN_COMMA = YES;
				CLANG_WARN_CONSTANT_CONVERSION = YES;
				CLANG_WARN_DEPRECATED_OBJC_IMPLEMENTATIONS = YES;
				CLANG_WARN_DIRECT_OBJC_ISA_USAGE = YES_ERROR;
				CLANG_WARN_DOCUMENTATION_COMMENTS = YES;
				CLANG_WARN_EMPTY_BODY = YES;
				CLANG_WARN_ENUM_CONVERSION = YES;
				CLANG_WARN_INFINITE_RECURSION = YES;
				CLANG_WARN_INT_CONVERSION = YES;
				CLANG_WARN_NON_LITERAL_NULL_CONVERSION = YES;
				CLANG_WARN_OBJC_IMPLICIT_RETAIN_SELF = YES;
				CLANG_WARN_OBJC_LITERAL_CONVERSION = YES;
				CLANG_WARN_OBJC_ROOT_CLASS = YES_ERROR;
				CLANG_WARN_QUOTED_INCLUDE_IN_FRAMEWORK_HEADER = YES;
				CLANG_WARN_RANGE_LOOP_ANALYSIS = YES;
				CLANG_WARN_STRICT_PROTOTYPES = YES;
				CLANG_WARN_SUSPICIOUS_MOVE = YES;
				CLANG_WARN_UNGUARDED_AVAILABILITY = YES_AGGRESSIVE;
				CLANG_WARN_UNREACHABLE_CODE = YES;
				CLANG_WARN__DUPLICATE_METHOD_MATCH = YES;
				COPY_PHASE_STRIP = NO;
				DEBUG_INFORMATION_FORMAT = dwarf;
				ENABLE_STRICT_OBJC_MSGSEND = YES;
				ENABLE_TESTABILITY = YES;
				GCC_C_LANGUAGE_STANDARD = gnu11;
				GCC_DYNAMIC_NO_PIC = NO;
				GCC_NO_COMMON_BLOCKS = YES;
				GCC_OPTIMIZATION_LEVEL = 0;
				GCC_PREPROCESSOR_DEFINITIONS = (
					"DEBUG=1",
					"$(inherited)",
				);
				GCC_WARN_64_TO_32_BIT_CONVERSION = YES;
				GCC_WARN_ABOUT_RETURN_TYPE = YES_ERROR;
				GCC_WARN_UNDECLARED_SELECTOR = YES;
				GCC_WARN_UNINITIALIZED_AUTOS = YES_AGGRESSIVE;
				GCC_WARN_UNUSED_FUNCTION = YES;
				GCC_WARN_UNUSED_VARIABLE = YES;
				INFOPLIST_FILE = "PokemonAPI-Case/Configure/info.plist";
				IPHONEOS_DEPLOYMENT_TARGET = 13.0;
				MTL_ENABLE_DEBUG_INFO = INCLUDE_SOURCE;
				MTL_FAST_MATH = YES;
				ONLY_ACTIVE_ARCH = YES;
				SDKROOT = iphoneos;
				SWIFT_ACTIVE_COMPILATION_CONDITIONS = DEBUG;
				SWIFT_OBJC_BRIDGING_HEADER = "PokemonAPI-Case/Configure/PokemonAPI-Bridging-Header.h";
				SWIFT_OPTIMIZATION_LEVEL = "-Onone";
			};
			name = Debug;
		};
		63C8DF9029C9A84C0082114F /* Release */ = {
			isa = XCBuildConfiguration;
			buildSettings = {
				ALWAYS_SEARCH_USER_PATHS = NO;
				CLANG_ANALYZER_NONNULL = YES;
				CLANG_ANALYZER_NUMBER_OBJECT_CONVERSION = YES_AGGRESSIVE;
				CLANG_CXX_LANGUAGE_STANDARD = "gnu++20";
				CLANG_ENABLE_MODULES = YES;
				CLANG_ENABLE_OBJC_ARC = YES;
				CLANG_ENABLE_OBJC_WEAK = YES;
				CLANG_WARN_BLOCK_CAPTURE_AUTORELEASING = YES;
				CLANG_WARN_BOOL_CONVERSION = YES;
				CLANG_WARN_COMMA = YES;
				CLANG_WARN_CONSTANT_CONVERSION = YES;
				CLANG_WARN_DEPRECATED_OBJC_IMPLEMENTATIONS = YES;
				CLANG_WARN_DIRECT_OBJC_ISA_USAGE = YES_ERROR;
				CLANG_WARN_DOCUMENTATION_COMMENTS = YES;
				CLANG_WARN_EMPTY_BODY = YES;
				CLANG_WARN_ENUM_CONVERSION = YES;
				CLANG_WARN_INFINITE_RECURSION = YES;
				CLANG_WARN_INT_CONVERSION = YES;
				CLANG_WARN_NON_LITERAL_NULL_CONVERSION = YES;
				CLANG_WARN_OBJC_IMPLICIT_RETAIN_SELF = YES;
				CLANG_WARN_OBJC_LITERAL_CONVERSION = YES;
				CLANG_WARN_OBJC_ROOT_CLASS = YES_ERROR;
				CLANG_WARN_QUOTED_INCLUDE_IN_FRAMEWORK_HEADER = YES;
				CLANG_WARN_RANGE_LOOP_ANALYSIS = YES;
				CLANG_WARN_STRICT_PROTOTYPES = YES;
				CLANG_WARN_SUSPICIOUS_MOVE = YES;
				CLANG_WARN_UNGUARDED_AVAILABILITY = YES_AGGRESSIVE;
				CLANG_WARN_UNREACHABLE_CODE = YES;
				CLANG_WARN__DUPLICATE_METHOD_MATCH = YES;
				COPY_PHASE_STRIP = NO;
				DEBUG_INFORMATION_FORMAT = "dwarf-with-dsym";
				ENABLE_NS_ASSERTIONS = NO;
				ENABLE_STRICT_OBJC_MSGSEND = YES;
				GCC_C_LANGUAGE_STANDARD = gnu11;
				GCC_NO_COMMON_BLOCKS = YES;
				GCC_WARN_64_TO_32_BIT_CONVERSION = YES;
				GCC_WARN_ABOUT_RETURN_TYPE = YES_ERROR;
				GCC_WARN_UNDECLARED_SELECTOR = YES;
				GCC_WARN_UNINITIALIZED_AUTOS = YES_AGGRESSIVE;
				GCC_WARN_UNUSED_FUNCTION = YES;
				GCC_WARN_UNUSED_VARIABLE = YES;
				INFOPLIST_FILE = "PokemonAPI-Case/Configure/info.plist";
				IPHONEOS_DEPLOYMENT_TARGET = 13.0;
				MTL_ENABLE_DEBUG_INFO = NO;
				MTL_FAST_MATH = YES;
				SDKROOT = iphoneos;
				SWIFT_COMPILATION_MODE = wholemodule;
				SWIFT_OBJC_BRIDGING_HEADER = "PokemonAPI-Case/Configure/PokemonAPI-Bridging-Header.h";
				SWIFT_OPTIMIZATION_LEVEL = "-O";
				VALIDATE_PRODUCT = YES;
			};
			name = Release;
		};
		63C8DF9229C9A84C0082114F /* Debug */ = {
			isa = XCBuildConfiguration;
			baseConfigurationReference = 7F7D777F9159E2E2F95359F0 /* Pods-PokemonAPI-Case.debug.xcconfig */;
			buildSettings = {
				ASSETCATALOG_COMPILER_APPICON_NAME = AppIcon;
				ASSETCATALOG_COMPILER_GLOBAL_ACCENT_COLOR_NAME = AccentColor;
				CODE_SIGN_STYLE = Automatic;
				CURRENT_PROJECT_VERSION = 1;
				DEVELOPMENT_TEAM = L275C5HPVC;
				GENERATE_INFOPLIST_FILE = YES;
				INFOPLIST_FILE = "PokemonAPI-Case/Configure/Info.plist";
				INFOPLIST_KEY_UIApplicationSupportsIndirectInputEvents = YES;
				INFOPLIST_KEY_UILaunchStoryboardName = LaunchScreen;
				INFOPLIST_KEY_UISupportedInterfaceOrientations_iPad = "UIInterfaceOrientationPortrait UIInterfaceOrientationPortraitUpsideDown UIInterfaceOrientationLandscapeLeft UIInterfaceOrientationLandscapeRight";
				INFOPLIST_KEY_UISupportedInterfaceOrientations_iPhone = "UIInterfaceOrientationPortrait UIInterfaceOrientationLandscapeLeft UIInterfaceOrientationLandscapeRight";
				IPHONEOS_DEPLOYMENT_TARGET = 13.0;
				LD_RUNPATH_SEARCH_PATHS = (
					"$(inherited)",
					"@executable_path/Frameworks",
				);
				MARKETING_VERSION = 1.0;
				PRODUCT_BUNDLE_IDENTIFIER = "gizemduman.PokemonAPI-Case";
				PRODUCT_NAME = "$(TARGET_NAME)";
				SWIFT_EMIT_LOC_STRINGS = YES;
				SWIFT_VERSION = 5.0;
				TARGETED_DEVICE_FAMILY = "1,2";
			};
			name = Debug;
		};
		63C8DF9329C9A84C0082114F /* Release */ = {
			isa = XCBuildConfiguration;
			baseConfigurationReference = E14E7DB5AF1666B69EE7F170 /* Pods-PokemonAPI-Case.release.xcconfig */;
			buildSettings = {
				ASSETCATALOG_COMPILER_APPICON_NAME = AppIcon;
				ASSETCATALOG_COMPILER_GLOBAL_ACCENT_COLOR_NAME = AccentColor;
				CODE_SIGN_STYLE = Automatic;
				CURRENT_PROJECT_VERSION = 1;
				DEVELOPMENT_TEAM = L275C5HPVC;
				GENERATE_INFOPLIST_FILE = YES;
				INFOPLIST_FILE = "PokemonAPI-Case/Configure/Info.plist";
				INFOPLIST_KEY_UIApplicationSupportsIndirectInputEvents = YES;
				INFOPLIST_KEY_UILaunchStoryboardName = LaunchScreen;
				INFOPLIST_KEY_UISupportedInterfaceOrientations_iPad = "UIInterfaceOrientationPortrait UIInterfaceOrientationPortraitUpsideDown UIInterfaceOrientationLandscapeLeft UIInterfaceOrientationLandscapeRight";
				INFOPLIST_KEY_UISupportedInterfaceOrientations_iPhone = "UIInterfaceOrientationPortrait UIInterfaceOrientationLandscapeLeft UIInterfaceOrientationLandscapeRight";
				IPHONEOS_DEPLOYMENT_TARGET = 13.0;
				LD_RUNPATH_SEARCH_PATHS = (
					"$(inherited)",
					"@executable_path/Frameworks",
				);
				MARKETING_VERSION = 1.0;
				PRODUCT_BUNDLE_IDENTIFIER = "gizemduman.PokemonAPI-Case";
				PRODUCT_NAME = "$(TARGET_NAME)";
				SWIFT_EMIT_LOC_STRINGS = YES;
				SWIFT_VERSION = 5.0;
				TARGETED_DEVICE_FAMILY = "1,2";
			};
			name = Release;
		};
/* End XCBuildConfiguration section */

/* Begin XCConfigurationList section */
		63C8DF7829C9A8490082114F /* Build configuration list for PBXProject "PokemonAPI-Case" */ = {
			isa = XCConfigurationList;
			buildConfigurations = (
				63C8DF8F29C9A84C0082114F /* Debug */,
				63C8DF9029C9A84C0082114F /* Release */,
			);
			defaultConfigurationIsVisible = 0;
			defaultConfigurationName = Release;
		};
		63C8DF9129C9A84C0082114F /* Build configuration list for PBXNativeTarget "PokemonAPI-Case" */ = {
			isa = XCConfigurationList;
			buildConfigurations = (
				63C8DF9229C9A84C0082114F /* Debug */,
				63C8DF9329C9A84C0082114F /* Release */,
			);
			defaultConfigurationIsVisible = 0;
			defaultConfigurationName = Release;
		};
/* End XCConfigurationList section */
	};
	rootObject = 63C8DF7529C9A8490082114F /* Project object */;
}
